
Microsoft Visual Studio Solution File, Format Version 12.00
# Visual Studio Version 17
VisualStudioVersion = 17.1.32414.318
MinimumVisualStudioVersion = 10.0.40219.1
Project("{9A19103F-16F7-4668-BE54-9A1E7A4F7556}") = "Bank", "Bank.csproj", "{1353CA95-03F4-4264-BE1A-D8111444BBB9}"
EndProject
Project("{FAE04EC0-301F-11D3-BF4B-00C04F79EFBC}") = "BankTest", "..\BankTest\BankTest.csproj", "{F674299A-8F1C-41E3-98D4-D1AAFA12ABDA}"
EndProject
Global
	GlobalSection(SolutionConfigurationPlatforms) = preSolution
		Debug|Any CPU = Debug|Any CPU
		Release|Any CPU = Release|Any CPU
	EndGlobalSection
	GlobalSection(ProjectConfigurationPlatforms) = postSolution
		{1353CA95-03F4-4264-BE1A-D8111444BBB9}.Debug|Any CPU.ActiveCfg = Debug|Any CPU
		{1353CA95-03F4-4264-BE1A-D8111444BBB9}.Debug|Any CPU.Build.0 = Debug|Any CPU
		{1353CA95-03F4-4264-BE1A-D8111444BBB9}.Release|Any CPU.ActiveCfg = Release|Any CPU
		{1353CA95-03F4-4264-BE1A-D8111444BBB9}.Release|Any CPU.Build.0 = Release|Any CPU
		{F674299A-8F1C-41E3-98D4-D1AAFA12ABDA}.Debug|Any CPU.ActiveCfg = Debug|Any CPU
		{F674299A-8F1C-41E3-98D4-D1AAFA12ABDA}.Debug|Any CPU.Build.0 = Debug|Any CPU
		{F674299A-8F1C-41E3-98D4-D1AAFA12ABDA}.Release|Any CPU.ActiveCfg = Release|Any CPU
		{F674299A-8F1C-41E3-98D4-D1AAFA12ABDA}.Release|Any CPU.Build.0 = Release|Any CPU
	EndGlobalSection
	GlobalSection(SolutionProperties) = preSolution
		HideSolutionNode = FALSE
	EndGlobalSection
	GlobalSection(ExtensibilityGlobals) = postSolution
		SolutionGuid = {98C14917-52F5-46DB-891E-63C03E5456FD}
	EndGlobalSection
EndGlobal
