
Microsoft Visual Studio Solution File, Format Version 12.00
# Visual Studio Version 16
VisualStudioVersion = 16.0.30114.105
MinimumVisualStudioVersion = 10.0.40219.1
Project("{FAE04EC0-301F-11D3-BF4B-00C04F79EFBC}") = "RomanNumerals", "RomanNumerals\RomanNumerals.csproj", "{987126D8-3229-4EDF-9C48-07730F933A7B}"
EndProject
Project("{FAE04EC0-301F-11D3-BF4B-00C04F79EFBC}") = "RomanNumerals.Tests", "RomanNumerals.Tests\RomanNumerals.Tests.csproj", "{5094FEE6-E403-4C81-A93E-6930642FA554}"
EndProject
Global
	GlobalSection(SolutionConfigurationPlatforms) = preSolution
		Debug|Any CPU = Debug|Any CPU
		Release|Any CPU = Release|Any CPU
	EndGlobalSection
	GlobalSection(SolutionProperties) = preSolution
		HideSolutionNode = FALSE
	EndGlobalSection
	GlobalSection(ProjectConfigurationPlatforms) = postSolution
		{987126D8-3229-4EDF-9C48-07730F933A7B}.Debug|Any CPU.ActiveCfg = Debug|Any CPU
		{987126D8-3229-4EDF-9C48-07730F933A7B}.Debug|Any CPU.Build.0 = Debug|Any CPU
		{987126D8-3229-4EDF-9C48-07730F933A7B}.Release|Any CPU.ActiveCfg = Release|Any CPU
		{987126D8-3229-4EDF-9C48-07730F933A7B}.Release|Any CPU.Build.0 = Release|Any CPU
		{5094FEE6-E403-4C81-A93E-6930642FA554}.Debug|Any CPU.ActiveCfg = Debug|Any CPU
		{5094FEE6-E403-4C81-A93E-6930642FA554}.Debug|Any CPU.Build.0 = Debug|Any CPU
		{5094FEE6-E403-4C81-A93E-6930642FA554}.Release|Any CPU.ActiveCfg = Release|Any CPU
		{5094FEE6-E403-4C81-A93E-6930642FA554}.Release|Any CPU.Build.0 = Release|Any CPU
	EndGlobalSection
EndGlobal
